
Microsoft Visual Studio Solution File, Format Version 12.00
# Visual Studio Version 16
VisualStudioVersion = 16.0.29806.167
MinimumVisualStudioVersion = 10.0.40219.1
Project("{9A19103F-16F7-4668-BE54-9A1E7A4F7556}") = "Kondital", "Kondital\Kondital.csproj", "{DA4DD27B-881A-4B4B-AFE8-345EEDA7778C}"
EndProject
Project("{9A19103F-16F7-4668-BE54-9A1E7A4F7556}") = "Regnvejr", "Regnvejr\Regnvejr.csproj", "{C3D71A68-FE6D-48B2-AD77-1AAD8A6199BC}"
EndProject
Project("{9A19103F-16F7-4668-BE54-9A1E7A4F7556}") = "Bibliotek", "Bibliotek\Bibliotek.csproj", "{D0175EC6-851B-4F49-A9ED-9EAD4F8F7497}"
EndProject
Project("{FAE04EC0-301F-11D3-BF4B-00C04F79EFBC}") = "TextCrawler", "TextCrawler\TextCrawler.csproj", "{E0026650-59CD-4407-ADC1-D52ED4A202D6}"
EndProject
Global
	GlobalSection(SolutionConfigurationPlatforms) = preSolution
		Debug|Any CPU = Debug|Any CPU
		Release|Any CPU = Release|Any CPU
	EndGlobalSection
	GlobalSection(ProjectConfigurationPlatforms) = postSolution
		{DA4DD27B-881A-4B4B-AFE8-345EEDA7778C}.Debug|Any CPU.ActiveCfg = Debug|Any CPU
		{DA4DD27B-881A-4B4B-AFE8-345EEDA7778C}.Debug|Any CPU.Build.0 = Debug|Any CPU
		{DA4DD27B-881A-4B4B-AFE8-345EEDA7778C}.Release|Any CPU.ActiveCfg = Release|Any CPU
		{DA4DD27B-881A-4B4B-AFE8-345EEDA7778C}.Release|Any CPU.Build.0 = Release|Any CPU
		{C3D71A68-FE6D-48B2-AD77-1AAD8A6199BC}.Debug|Any CPU.ActiveCfg = Debug|Any CPU
		{C3D71A68-FE6D-48B2-AD77-1AAD8A6199BC}.Debug|Any CPU.Build.0 = Debug|Any CPU
		{C3D71A68-FE6D-48B2-AD77-1AAD8A6199BC}.Release|Any CPU.ActiveCfg = Release|Any CPU
		{C3D71A68-FE6D-48B2-AD77-1AAD8A6199BC}.Release|Any CPU.Build.0 = Release|Any CPU
		{D0175EC6-851B-4F49-A9ED-9EAD4F8F7497}.Debug|Any CPU.ActiveCfg = Debug|Any CPU
		{D0175EC6-851B-4F49-A9ED-9EAD4F8F7497}.Debug|Any CPU.Build.0 = Debug|Any CPU
		{D0175EC6-851B-4F49-A9ED-9EAD4F8F7497}.Release|Any CPU.ActiveCfg = Release|Any CPU
		{D0175EC6-851B-4F49-A9ED-9EAD4F8F7497}.Release|Any CPU.Build.0 = Release|Any CPU
		{E0026650-59CD-4407-ADC1-D52ED4A202D6}.Debug|Any CPU.ActiveCfg = Debug|Any CPU
		{E0026650-59CD-4407-ADC1-D52ED4A202D6}.Debug|Any CPU.Build.0 = Debug|Any CPU
		{E0026650-59CD-4407-ADC1-D52ED4A202D6}.Release|Any CPU.ActiveCfg = Release|Any CPU
		{E0026650-59CD-4407-ADC1-D52ED4A202D6}.Release|Any CPU.Build.0 = Release|Any CPU
	EndGlobalSection
	GlobalSection(SolutionProperties) = preSolution
		HideSolutionNode = FALSE
	EndGlobalSection
	GlobalSection(ExtensibilityGlobals) = postSolution
		SolutionGuid = {30462AB7-70B1-4EFF-A43F-4CAAF865CDE3}
	EndGlobalSection
EndGlobal
